// !$*UTF8*$!
{
	archiveVersion = 1;
	classes = {
	};
	objectVersion = 46;
	objects = {

/* Begin PBXBuildFile section */
		51E1F8151BDF3A3B009FD167 /* AppDelegate.swift in Sources */ = {isa = PBXBuildFile; fileRef = 51E1F8141BDF3A3B009FD167 /* AppDelegate.swift */; };
		51E1F8171BDF3A3B009FD167 /* ViewController.swift in Sources */ = {isa = PBXBuildFile; fileRef = 51E1F8161BDF3A3B009FD167 /* ViewController.swift */; };
		51E1F81A1BDF3A3B009FD167 /* Main.storyboard in Resources */ = {isa = PBXBuildFile; fileRef = 51E1F8181BDF3A3B009FD167 /* Main.storyboard */; };
		51E1F81D1BDF3A3B009FD167 /* Pitch_Perfect.xcdatamodeld in Sources */ = {isa = PBXBuildFile; fileRef = 51E1F81B1BDF3A3B009FD167 /* Pitch_Perfect.xcdatamodeld */; };
		51E1F81F1BDF3A3B009FD167 /* Assets.xcassets in Resources */ = {isa = PBXBuildFile; fileRef = 51E1F81E1BDF3A3B009FD167 /* Assets.xcassets */; };
		51E1F8221BDF3A3B009FD167 /* LaunchScreen.storyboard in Resources */ = {isa = PBXBuildFile; fileRef = 51E1F8201BDF3A3B009FD167 /* LaunchScreen.storyboard */; };
		51E1F82D1BDF3A3B009FD167 /* Pitch_PerfectTests.swift in Sources */ = {isa = PBXBuildFile; fileRef = 51E1F82C1BDF3A3B009FD167 /* Pitch_PerfectTests.swift */; };
		51E1F8381BDF3A3B009FD167 /* Pitch_PerfectUITests.swift in Sources */ = {isa = PBXBuildFile; fileRef = 51E1F8371BDF3A3B009FD167 /* Pitch_PerfectUITests.swift */; };
/* End PBXBuildFile section */

/* Begin PBXContainerItemProxy section */
		51E1F8291BDF3A3B009FD167 /* PBXContainerItemProxy */ = {
			isa = PBXContainerItemProxy;
			containerPortal = 51E1F8091BDF3A3B009FD167 /* Project object */;
			proxyType = 1;
			remoteGlobalIDString = 51E1F8101BDF3A3B009FD167;
			remoteInfo = "Pitch Perfect";
		};
		51E1F8341BDF3A3B009FD167 /* PBXContainerItemProxy */ = {
			isa = PBXContainerItemProxy;
			containerPortal = 51E1F8091BDF3A3B009FD167 /* Project object */;
			proxyType = 1;
			remoteGlobalIDString = 51E1F8101BDF3A3B009FD167;
			remoteInfo = "Pitch Perfect";
		};
/* End PBXContainerItemProxy section */

/* Begin PBXFileReference section */
		51E1F8111BDF3A3B009FD167 /* Pitch Perfect.app */ = {isa = PBXFileReference; explicitFileType = wrapper.application; includeInIndex = 0; path = "Pitch Perfect.app"; sourceTree = BUILT_PRODUCTS_DIR; };
		51E1F8141BDF3A3B009FD167 /* AppDelegate.swift */ = {isa = PBXFileReference; lastKnownFileType = sourcecode.swift; path = AppDelegate.swift; sourceTree = "<group>"; };
		51E1F8161BDF3A3B009FD167 /* ViewController.swift */ = {isa = PBXFileReference; lastKnownFileType = sourcecode.swift; path = ViewController.swift; sourceTree = "<group>"; };
		51E1F8191BDF3A3B009FD167 /* Base */ = {isa = PBXFileReference; lastKnownFileType = file.storyboard; name = Base; path = Base.lproj/Main.storyboard; sourceTree = "<group>"; };
		51E1F81C1BDF3A3B009FD167 /* Pitch_Perfect.xcdatamodel */ = {isa = PBXFileReference; lastKnownFileType = wrapper.xcdatamodel; path = Pitch_Perfect.xcdatamodel; sourceTree = "<group>"; };
		51E1F81E1BDF3A3B009FD167 /* Assets.xcassets */ = {isa = PBXFileReference; lastKnownFileType = folder.assetcatalog; path = Assets.xcassets; sourceTree = "<group>"; };
		51E1F8211BDF3A3B009FD167 /* Base */ = {isa = PBXFileReference; lastKnownFileType = file.storyboard; name = Base; path = Base.lproj/LaunchScreen.storyboard; sourceTree = "<group>"; };
		51E1F8231BDF3A3B009FD167 /* Info.plist */ = {isa = PBXFileReference; lastKnownFileType = text.plist.xml; path = Info.plist; sourceTree = "<group>"; };
		51E1F8281BDF3A3B009FD167 /* Pitch PerfectTests.xctest */ = {isa = PBXFileReference; explicitFileType = wrapper.cfbundle; includeInIndex = 0; path = "Pitch PerfectTests.xctest"; sourceTree = BUILT_PRODUCTS_DIR; };
		51E1F82C1BDF3A3B009FD167 /* Pitch_PerfectTests.swift */ = {isa = PBXFileReference; lastKnownFileType = sourcecode.swift; path = Pitch_PerfectTests.swift; sourceTree = "<group>"; };
		51E1F82E1BDF3A3B009FD167 /* Info.plist */ = {isa = PBXFileReference; lastKnownFileType = text.plist.xml; path = Info.plist; sourceTree = "<group>"; };
		51E1F8331BDF3A3B009FD167 /* Pitch PerfectUITests.xctest */ = {isa = PBXFileReference; explicitFileType = wrapper.cfbundle; includeInIndex = 0; path = "Pitch PerfectUITests.xctest"; sourceTree = BUILT_PRODUCTS_DIR; };
		51E1F8371BDF3A3B009FD167 /* Pitch_PerfectUITests.swift */ = {isa = PBXFileReference; lastKnownFileType = sourcecode.swift; path = Pitch_PerfectUITests.swift; sourceTree = "<group>"; };
		51E1F8391BDF3A3B009FD167 /* Info.plist */ = {isa = PBXFileReference; lastKnownFileType = text.plist.xml; path = Info.plist; sourceTree = "<group>"; };
/* End PBXFileReference section */

/* Begin PBXFrameworksBuildPhase section */
		51E1F80E1BDF3A3B009FD167 /* Frameworks */ = {
			isa = PBXFrameworksBuildPhase;
			buildActionMask = 2147483647;
			files = (
			);
			runOnlyForDeploymentPostprocessing = 0;
		};
		51E1F8251BDF3A3B009FD167 /* Frameworks */ = {
			isa = PBXFrameworksBuildPhase;
			buildActionMask = 2147483647;
			files = (
			);
			runOnlyForDeploymentPostprocessing = 0;
		};
		51E1F8301BDF3A3B009FD167 /* Frameworks */ = {
			isa = PBXFrameworksBuildPhase;
			buildActionMask = 2147483647;
			files = (
			);
			runOnlyForDeploymentPostprocessing = 0;
		};
/* End PBXFrameworksBuildPhase section */

/* Begin PBXGroup section */
		51E1F8081BDF3A3B009FD167 = {
			isa = PBXGroup;
			children = (
				51E1F8131BDF3A3B009FD167 /* Pitch Perfect */,
				51E1F82B1BDF3A3B009FD167 /* Pitch PerfectTests */,
				51E1F8361BDF3A3B009FD167 /* Pitch PerfectUITests */,
				51E1F8121BDF3A3B009FD167 /* Products */,
			);
			sourceTree = "<group>";
		};
		51E1F8121BDF3A3B009FD167 /* Products */ = {
			isa = PBXGroup;
			children = (
				51E1F8111BDF3A3B009FD167 /* Pitch Perfect.app */,
				51E1F8281BDF3A3B009FD167 /* Pitch PerfectTests.xctest */,
				51E1F8331BDF3A3B009FD167 /* Pitch PerfectUITests.xctest */,
			);
			name = Products;
			sourceTree = "<group>";
		};
		51E1F8131BDF3A3B009FD167 /* Pitch Perfect */ = {
			isa = PBXGroup;
			children = (
				51E1F8141BDF3A3B009FD167 /* AppDelegate.swift */,
				51E1F8161BDF3A3B009FD167 /* ViewController.swift */,
				51E1F8181BDF3A3B009FD167 /* Main.storyboard */,
				51E1F81E1BDF3A3B009FD167 /* Assets.xcassets */,
				51E1F8201BDF3A3B009FD167 /* LaunchScreen.storyboard */,
				51E1F8231BDF3A3B009FD167 /* Info.plist */,
				51E1F81B1BDF3A3B009FD167 /* Pitch_Perfect.xcdatamodeld */,
			);
			path = "Pitch Perfect";
			sourceTree = "<group>";
		};
		51E1F82B1BDF3A3B009FD167 /* Pitch PerfectTests */ = {
			isa = PBXGroup;
			children = (
				51E1F82C1BDF3A3B009FD167 /* Pitch_PerfectTests.swift */,
				51E1F82E1BDF3A3B009FD167 /* Info.plist */,
			);
			path = "Pitch PerfectTests";
			sourceTree = "<group>";
		};
		51E1F8361BDF3A3B009FD167 /* Pitch PerfectUITests */ = {
			isa = PBXGroup;
			children = (
				51E1F8371BDF3A3B009FD167 /* Pitch_PerfectUITests.swift */,
				51E1F8391BDF3A3B009FD167 /* Info.plist */,
			);
			path = "Pitch PerfectUITests";
			sourceTree = "<group>";
		};
/* End PBXGroup section */

/* Begin PBXNativeTarget section */
		51E1F8101BDF3A3B009FD167 /* Pitch Perfect */ = {
			isa = PBXNativeTarget;
			buildConfigurationList = 51E1F83C1BDF3A3B009FD167 /* Build configuration list for PBXNativeTarget "Pitch Perfect" */;
			buildPhases = (
				51E1F80D1BDF3A3B009FD167 /* Sources */,
				51E1F80E1BDF3A3B009FD167 /* Frameworks */,
				51E1F80F1BDF3A3B009FD167 /* Resources */,
			);
			buildRules = (
			);
			dependencies = (
			);
			name = "Pitch Perfect";
			productName = "Pitch Perfect";
			productReference = 51E1F8111BDF3A3B009FD167 /* Pitch Perfect.app */;
			productType = "com.apple.product-type.application";
		};
		51E1F8271BDF3A3B009FD167 /* Pitch PerfectTests */ = {
			isa = PBXNativeTarget;
			buildConfigurationList = 51E1F83F1BDF3A3B009FD167 /* Build configuration list for PBXNativeTarget "Pitch PerfectTests" */;
			buildPhases = (
				51E1F8241BDF3A3B009FD167 /* Sources */,
				51E1F8251BDF3A3B009FD167 /* Frameworks */,
				51E1F8261BDF3A3B009FD167 /* Resources */,
			);
			buildRules = (
			);
			dependencies = (
				51E1F82A1BDF3A3B009FD167 /* PBXTargetDependency */,
			);
			name = "Pitch PerfectTests";
			productName = "Pitch PerfectTests";
			productReference = 51E1F8281BDF3A3B009FD167 /* Pitch PerfectTests.xctest */;
			productType = "com.apple.product-type.bundle.unit-test";
		};
		51E1F8321BDF3A3B009FD167 /* Pitch PerfectUITests */ = {
			isa = PBXNativeTarget;
			buildConfigurationList = 51E1F8421BDF3A3B009FD167 /* Build configuration list for PBXNativeTarget "Pitch PerfectUITests" */;
			buildPhases = (
				51E1F82F1BDF3A3B009FD167 /* Sources */,
				51E1F8301BDF3A3B009FD167 /* Frameworks */,
				51E1F8311BDF3A3B009FD167 /* Resources */,
			);
			buildRules = (
			);
			dependencies = (
				51E1F8351BDF3A3B009FD167 /* PBXTargetDependency */,
			);
			name = "Pitch PerfectUITests";
			productName = "Pitch PerfectUITests";
			productReference = 51E1F8331BDF3A3B009FD167 /* Pitch PerfectUITests.xctest */;
			productType = "com.apple.product-type.bundle.ui-testing";
		};
/* End PBXNativeTarget section */

/* Begin PBXProject section */
		51E1F8091BDF3A3B009FD167 /* Project object */ = {
			isa = PBXProject;
			attributes = {
				LastUpgradeCheck = 0700;
				ORGANIZATIONNAME = gakshay;
				TargetAttributes = {
					51E1F8101BDF3A3B009FD167 = {
						CreatedOnToolsVersion = 7.0.1;
					};
					51E1F8271BDF3A3B009FD167 = {
						CreatedOnToolsVersion = 7.0.1;
						TestTargetID = 51E1F8101BDF3A3B009FD167;
					};
					51E1F8321BDF3A3B009FD167 = {
						CreatedOnToolsVersion = 7.0.1;
						TestTargetID = 51E1F8101BDF3A3B009FD167;
					};
				};
			};
			buildConfigurationList = 51E1F80C1BDF3A3B009FD167 /* Build configuration list for PBXProject "Pitch Perfect" */;
			compatibilityVersion = "Xcode 3.2";
			developmentRegion = English;
			hasScannedForEncodings = 0;
			knownRegions = (
				en,
				Base,
			);
			mainGroup = 51E1F8081BDF3A3B009FD167;
			productRefGroup = 51E1F8121BDF3A3B009FD167 /* Products */;
			projectDirPath = "";
			projectRoot = "";
			targets = (
				51E1F8101BDF3A3B009FD167 /* Pitch Perfect */,
				51E1F8271BDF3A3B009FD167 /* Pitch PerfectTests */,
				51E1F8321BDF3A3B009FD167 /* Pitch PerfectUITests */,
			);
		};
/* End PBXProject section */

/* Begin PBXResourcesBuildPhase section */
		51E1F80F1BDF3A3B009FD167 /* Resources */ = {
			isa = PBXResourcesBuildPhase;
			buildActionMask = 2147483647;
			files = (
				51E1F8221BDF3A3B009FD167 /* LaunchScreen.storyboard in Resources */,
				51E1F81F1BDF3A3B009FD167 /* Assets.xcassets in Resources */,
				51E1F81A1BDF3A3B009FD167 /* Main.storyboard in Resources */,
			);
			runOnlyForDeploymentPostprocessing = 0;
		};
		51E1F8261BDF3A3B009FD167 /* Resources */ = {
			isa = PBXResourcesBuildPhase;
			buildActionMask = 2147483647;
			files = (
			);
			runOnlyForDeploymentPostprocessing = 0;
		};
		51E1F8311BDF3A3B009FD167 /* Resources */ = {
			isa = PBXResourcesBuildPhase;
			buildActionMask = 2147483647;
			files = (
			);
			runOnlyForDeploymentPostprocessing = 0;
		};
/* End PBXResourcesBuildPhase section */

/* Begin PBXSourcesBuildPhase section */
		51E1F80D1BDF3A3B009FD167 /* Sources */ = {
			isa = PBXSourcesBuildPhase;
			buildActionMask = 2147483647;
			files = (
				51E1F8171BDF3A3B009FD167 /* ViewController.swift in Sources */,
				51E1F8151BDF3A3B009FD167 /* AppDelegate.swift in Sources */,
				51E1F81D1BDF3A3B009FD167 /* Pitch_Perfect.xcdatamodeld in Sources */,
			);
			runOnlyForDeploymentPostprocessing = 0;
		};
		51E1F8241BDF3A3B009FD167 /* Sources */ = {
			isa = PBXSourcesBuildPhase;
			buildActionMask = 2147483647;
			files = (
				51E1F82D1BDF3A3B009FD167 /* Pitch_PerfectTests.swift in Sources */,
			);
			runOnlyForDeploymentPostprocessing = 0;
		};
		51E1F82F1BDF3A3B009FD167 /* Sources */ = {
			isa = PBXSourcesBuildPhase;
			buildActionMask = 2147483647;
			files = (
				51E1F8381BDF3A3B009FD167 /* Pitch_PerfectUITests.swift in Sources */,
			);
			runOnlyForDeploymentPostprocessing = 0;
		};
/* End PBXSourcesBuildPhase section */

/* Begin PBXTargetDependency section */
		51E1F82A1BDF3A3B009FD167 /* PBXTargetDependency */ = {
			isa = PBXTargetDependency;
			target = 51E1F8101BDF3A3B009FD167 /* Pitch Perfect */;
			targetProxy = 51E1F8291BDF3A3B009FD167 /* PBXContainerItemProxy */;
		};
		51E1F8351BDF3A3B009FD167 /* PBXTargetDependency */ = {
			isa = PBXTargetDependency;
			target = 51E1F8101BDF3A3B009FD167 /* Pitch Perfect */;
			targetProxy = 51E1F8341BDF3A3B009FD167 /* PBXContainerItemProxy */;
		};
/* End PBXTargetDependency section */

/* Begin PBXVariantGroup section */
		51E1F8181BDF3A3B009FD167 /* Main.storyboard */ = {
			isa = PBXVariantGroup;
			children = (
				51E1F8191BDF3A3B009FD167 /* Base */,
			);
			name = Main.storyboard;
			sourceTree = "<group>";
		};
		51E1F8201BDF3A3B009FD167 /* LaunchScreen.storyboard */ = {
			isa = PBXVariantGroup;
			children = (
				51E1F8211BDF3A3B009FD167 /* Base */,
			);
			name = LaunchScreen.storyboard;
			sourceTree = "<group>";
		};
/* End PBXVariantGroup section */

/* Begin XCBuildConfiguration section */
		51E1F83A1BDF3A3B009FD167 /* Debug */ = {
			isa = XCBuildConfiguration;
			buildSettings = {
				ALWAYS_SEARCH_USER_PATHS = NO;
				CLANG_CXX_LANGUAGE_STANDARD = "gnu++0x";
				CLANG_CXX_LIBRARY = "libc++";
				CLANG_ENABLE_MODULES = YES;
				CLANG_ENABLE_OBJC_ARC = YES;
				CLANG_WARN_BOOL_CONVERSION = YES;
				CLANG_WARN_CONSTANT_CONVERSION = YES;
				CLANG_WARN_DIRECT_OBJC_ISA_USAGE = YES_ERROR;
				CLANG_WARN_EMPTY_BODY = YES;
				CLANG_WARN_ENUM_CONVERSION = YES;
				CLANG_WARN_INT_CONVERSION = YES;
				CLANG_WARN_OBJC_ROOT_CLASS = YES_ERROR;
				CLANG_WARN_UNREACHABLE_CODE = YES;
				CLANG_WARN__DUPLICATE_METHOD_MATCH = YES;
				"CODE_SIGN_IDENTITY[sdk=iphoneos*]" = "iPhone Developer";
				COPY_PHASE_STRIP = NO;
				DEBUG_INFORMATION_FORMAT = dwarf;
				ENABLE_STRICT_OBJC_MSGSEND = YES;
				ENABLE_TESTABILITY = YES;
				GCC_C_LANGUAGE_STANDARD = gnu99;
				GCC_DYNAMIC_NO_PIC = NO;
				GCC_NO_COMMON_BLOCKS = YES;
				GCC_OPTIMIZATION_LEVEL = 0;
				GCC_PREPROCESSOR_DEFINITIONS = (
					"DEBUG=1",
					"$(inherited)",
				);
				GCC_WARN_64_TO_32_BIT_CONVERSION = YES;
				GCC_WARN_ABOUT_RETURN_TYPE = YES_ERROR;
				GCC_WARN_UNDECLARED_SELECTOR = YES;
				GCC_WARN_UNINITIALIZED_AUTOS = YES_AGGRESSIVE;
				GCC_WARN_UNUSED_FUNCTION = YES;
				GCC_WARN_UNUSED_VARIABLE = YES;
				IPHONEOS_DEPLOYMENT_TARGET = 9.0;
				MTL_ENABLE_DEBUG_INFO = YES;
				ONLY_ACTIVE_ARCH = YES;
				SDKROOT = iphoneos;
				SWIFT_OPTIMIZATION_LEVEL = "-Onone";
			};
			name = Debug;
		};
		51E1F83B1BDF3A3B009FD167 /* Release */ = {
			isa = XCBuildConfiguration;
			buildSettings = {
				ALWAYS_SEARCH_USER_PATHS = NO;
				CLANG_CXX_LANGUAGE_STANDARD = "gnu++0x";
				CLANG_CXX_LIBRARY = "libc++";
				CLANG_ENABLE_MODULES = YES;
				CLANG_ENABLE_OBJC_ARC = YES;
				CLANG_WARN_BOOL_CONVERSION = YES;
				CLANG_WARN_CONSTANT_CONVERSION = YES;
				CLANG_WARN_DIRECT_OBJC_ISA_USAGE = YES_ERROR;
				CLANG_WARN_EMPTY_BODY = YES;
				CLANG_WARN_ENUM_CONVERSION = YES;
				CLANG_WARN_INT_CONVERSION = YES;
				CLANG_WARN_OBJC_ROOT_CLASS = YES_ERROR;
				CLANG_WARN_UNREACHABLE_CODE = YES;
				CLANG_WARN__DUPLICATE_METHOD_MATCH = YES;
				"CODE_SIGN_IDENTITY[sdk=iphoneos*]" = "iPhone Developer";
				COPY_PHASE_STRIP = NO;
				DEBUG_INFORMATION_FORMAT = "dwarf-with-dsym";
				ENABLE_NS_ASSERTIONS = NO;
				ENABLE_STRICT_OBJC_MSGSEND = YES;
				GCC_C_LANGUAGE_STANDARD = gnu99;
				GCC_NO_COMMON_BLOCKS = YES;
				GCC_WARN_64_TO_32_BIT_CONVERSION = YES;
				GCC_WARN_ABOUT_RETURN_TYPE = YES_ERROR;
				GCC_WARN_UNDECLARED_SELECTOR = YES;
				GCC_WARN_UNINITIALIZED_AUTOS = YES_AGGRESSIVE;
				GCC_WARN_UNUSED_FUNCTION = YES;
				GCC_WARN_UNUSED_VARIABLE = YES;
				IPHONEOS_DEPLOYMENT_TARGET = 9.0;
				MTL_ENABLE_DEBUG_INFO = NO;
				SDKROOT = iphoneos;
				VALIDATE_PRODUCT = YES;
			};
			name = Release;
		};
		51E1F83D1BDF3A3B009FD167 /* Debug */ = {
			isa = XCBuildConfiguration;
			buildSettings = {
				ASSETCATALOG_COMPILER_APPICON_NAME = AppIcon;
				INFOPLIST_FILE = "Pitch Perfect/Info.plist";
				LD_RUNPATH_SEARCH_PATHS = "$(inherited) @executable_path/Frameworks";
				PRODUCT_BUNDLE_IDENTIFIER = "com.gakshay.Pitch-Perfect";
				PRODUCT_NAME = "$(TARGET_NAME)";
			};
			name = Debug;
		};
		51E1F83E1BDF3A3B009FD167 /* Release */ = {
			isa = XCBuildConfiguration;
			buildSettings = {
				ASSETCATALOG_COMPILER_APPICON_NAME = AppIcon;
				INFOPLIST_FILE = "Pitch Perfect/Info.plist";
				LD_RUNPATH_SEARCH_PATHS = "$(inherited) @executable_path/Frameworks";
				PRODUCT_BUNDLE_IDENTIFIER = "com.gakshay.Pitch-Perfect";
				PRODUCT_NAME = "$(TARGET_NAME)";
			};
			name = Release;
		};
		51E1F8401BDF3A3B009FD167 /* Debug */ = {
			isa = XCBuildConfiguration;
			buildSettings = {
				BUNDLE_LOADER = "$(TEST_HOST)";
				INFOPLIST_FILE = "Pitch PerfectTests/Info.plist";
				LD_RUNPATH_SEARCH_PATHS = "$(inherited) @executable_path/Frameworks @loader_path/Frameworks";
				PRODUCT_BUNDLE_IDENTIFIER = "com.gakshay.Pitch-PerfectTests";
				PRODUCT_NAME = "$(TARGET_NAME)";
				TEST_HOST = "$(BUILT_PRODUCTS_DIR)/Pitch Perfect.app/Pitch Perfect";
			};
			name = Debug;
		};
		51E1F8411BDF3A3B009FD167 /* Release */ = {
			isa = XCBuildConfiguration;
			buildSettings = {
				BUNDLE_LOADER = "$(TEST_HOST)";
				INFOPLIST_FILE = "Pitch PerfectTests/Info.plist";
				LD_RUNPATH_SEARCH_PATHS = "$(inherited) @executable_path/Frameworks @loader_path/Frameworks";
				PRODUCT_BUNDLE_IDENTIFIER = "com.gakshay.Pitch-PerfectTests";
				PRODUCT_NAME = "$(TARGET_NAME)";
				TEST_HOST = "$(BUILT_PRODUCTS_DIR)/Pitch Perfect.app/Pitch Perfect";
			};
			name = Release;
		};
		51E1F8431BDF3A3B009FD167 /* Debug */ = {
			isa = XCBuildConfiguration;
			buildSettings = {
				INFOPLIST_FILE = "Pitch PerfectUITests/Info.plist";
				LD_RUNPATH_SEARCH_PATHS = "$(inherited) @executable_path/Frameworks @loader_path/Frameworks";
				PRODUCT_BUNDLE_IDENTIFIER = "com.gakshay.Pitch-PerfectUITests";
				PRODUCT_NAME = "$(TARGET_NAME)";
				TEST_TARGET_NAME = "Pitch Perfect";
				USES_XCTRUNNER = YES;
			};
			name = Debug;
		};
		51E1F8441BDF3A3B009FD167 /* Release */ = {
			isa = XCBuildConfiguration;
			buildSettings = {
				INFOPLIST_FILE = "Pitch PerfectUITests/Info.plist";
				LD_RUNPATH_SEARCH_PATHS = "$(inherited) @executable_path/Frameworks @loader_path/Frameworks";
				PRODUCT_BUNDLE_IDENTIFIER = "com.gakshay.Pitch-PerfectUITests";
				PRODUCT_NAME = "$(TARGET_NAME)";
				TEST_TARGET_NAME = "Pitch Perfect";
				USES_XCTRUNNER = YES;
			};
			name = Release;
		};
/* End XCBuildConfiguration section */

/* Begin XCConfigurationList section */
		51E1F80C1BDF3A3B009FD167 /* Build configuration list for PBXProject "Pitch Perfect" */ = {
			isa = XCConfigurationList;
			buildConfigurations = (
				51E1F83A1BDF3A3B009FD167 /* Debug */,
				51E1F83B1BDF3A3B009FD167 /* Release */,
			);
			defaultConfigurationIsVisible = 0;
			defaultConfigurationName = Release;
		};
		51E1F83C1BDF3A3B009FD167 /* Build configuration list for PBXNativeTarget "Pitch Perfect" */ = {
			isa = XCConfigurationList;
			buildConfigurations = (
				51E1F83D1BDF3A3B009FD167 /* Debug */,
				51E1F83E1BDF3A3B009FD167 /* Release */,
			);
			defaultConfigurationIsVisible = 0;
		};
		51E1F83F1BDF3A3B009FD167 /* Build configuration list for PBXNativeTarget "Pitch PerfectTests" */ = {
			isa = XCConfigurationList;
			buildConfigurations = (
				51E1F8401BDF3A3B009FD167 /* Debug */,
				51E1F8411BDF3A3B009FD167 /* Release */,
			);
			defaultConfigurationIsVisible = 0;
		};
		51E1F8421BDF3A3B009FD167 /* Build configuration list for PBXNativeTarget "Pitch PerfectUITests" */ = {
			isa = XCConfigurationList;
			buildConfigurations = (
				51E1F8431BDF3A3B009FD167 /* Debug */,
				51E1F8441BDF3A3B009FD167 /* Release */,
			);
			defaultConfigurationIsVisible = 0;
		};
/* End XCConfigurationList section */

/* Begin XCVersionGroup section */
		51E1F81B1BDF3A3B009FD167 /* Pitch_Perfect.xcdatamodeld */ = {
			isa = XCVersionGroup;
			children = (
				51E1F81C1BDF3A3B009FD167 /* Pitch_Perfect.xcdatamodel */,
			);
			currentVersion = 51E1F81C1BDF3A3B009FD167 /* Pitch_Perfect.xcdatamodel */;
			path = Pitch_Perfect.xcdatamodeld;
			sourceTree = "<group>";
			versionGroupType = wrapper.xcdatamodel;
		};
/* End XCVersionGroup section */
	};
	rootObject = 51E1F8091BDF3A3B009FD167 /* Project object */;
}
